<?xml version="1.0" encoding="utf-8"?>
<Project DefaultTargets="Build" ToolsVersion="4.0" xmlns="http://schemas.microsoft.com/developer/msbuild/2003">
  <PropertyGroup>
    <Configuration Condition=" '$(Configuration)' == '' ">Debug</Configuration>
    <Platform Condition=" '$(Platform)' == '' ">AnyCPU</Platform>
    <ProjectGuid>{758D3F81-89D8-449E-9700-0490A4BDD0E2}</ProjectGuid>
    <BaseDirectory>.</BaseDirectory>
    <Compiler>DMD2</Compiler>
    <PreferOneStepBuild>true</PreferOneStepBuild>
    <UseDefaultCompiler>true</UseDefaultCompiler>
    <IncrementalLinking>true</IncrementalLinking>
  </PropertyGroup>
  <PropertyGroup Condition=" '$(Configuration)|$(Platform)' == 'Debug|AnyCPU' ">
    <DebugSymbols>true</DebugSymbols>
    <OutputPath>bin\Debug</OutputPath>
    <Externalconsole>true</Externalconsole>
    <Target>Executable</Target>
    <OutputName>FlexibleMarshaller</OutputName>
    <UnittestMode>false</UnittestMode>
    <LinkinThirdPartyLibraries>false</LinkinThirdPartyLibraries>
    <ObjectsDirectory>obj\Debug</ObjectsDirectory>
    <DebugLevel>0</DebugLevel>
  </PropertyGroup>
  <PropertyGroup Condition=" '$(Configuration)|$(Platform)' == 'Release|AnyCPU' ">
    <OutputPath>bin\Release</OutputPath>
    <Externalconsole>true</Externalconsole>
    <Target>Executable</Target>
    <OutputName>FlexibleMarshaller</OutputName>
    <UnittestMode>false</UnittestMode>
    <LinkinThirdPartyLibraries>false</LinkinThirdPartyLibraries>
    <ObjectsDirectory>obj\Release</ObjectsDirectory>
    <DebugLevel>0</DebugLevel>
  </PropertyGroup>
  <PropertyGroup Condition=" '$(Configuration)|$(Platform)' == 'Unittest|AnyCPU' ">
    <DebugSymbols>true</DebugSymbols>
    <OutputPath>bin\Unittest</OutputPath>
    <Externalconsole>true</Externalconsole>
    <Target>Executable</Target>
    <OutputName>FlexibleMarshaller</OutputName>
    <UnittestMode>true</UnittestMode>
    <LinkinThirdPartyLibraries>false</LinkinThirdPartyLibraries>
    <ObjectsDirectory>obj\Unittest</ObjectsDirectory>
    <DebugLevel>0</DebugLevel>
  </PropertyGroup>
  <ItemGroup>
    <Compile Include="app.d" />
    <Compile Include="libs\marshal\all.d" />
    <Compile Include="libs\marshal\binary_demarshaller.d" />
    <Compile Include="libs\marshal\binary_marshaller.d" />
    <Compile Include="libs\marshal\compact_binary_demarshaller.d" />
    <Compile Include="libs\marshal\compact_binary_marshaller.d" />
    <Compile Include="libs\marshal\demarshaller.d" />
    <Compile Include="libs\marshal\human_readable_text_marshaller.d" />
    <Compile Include="libs\marshal\marshaller.d" />
    <Compile Include="libs\marshal\text_demarshaller.d" />
    <Compile Include="libs\marshal\text_marshaller.d" />
    <Compile Include="libs\marshal\xml_text_demarshaller.d" />
    <Compile Include="libs\marshal\xml_text_marshaller.d" />
  </ItemGroup>
  <ItemGroup>
    <Folder Include="libs\" />
  </ItemGroup>
</Project>